
Microsoft Visual Studio Solution File, Format Version 12.00
# Visual Studio 14
VisualStudioVersion = 14.0.25420.1
MinimumVisualStudioVersion = 10.0.40219.1
Project("{FAE04EC0-301F-11D3-BF4B-00C04F79EFBC}") = "knockoutDarts", "knockoutDarts\knockoutDarts.csproj", "{978F9205-7EE3-40B2-9B3F-8367D7CB94E2}"
EndProject
Project("{54435603-DBB4-11D2-8724-00A0C9A8B90C}") = "DartsKO", "DartsKO\DartsKO.vdproj", "{434C6138-567B-45D1-946C-43412D211770}"
EndProject
Global
	GlobalSection(SolutionConfigurationPlatforms) = preSolution
		Debug|Any CPU = Debug|Any CPU
		Release|Any CPU = Release|Any CPU
	EndGlobalSection
	GlobalSection(ProjectConfigurationPlatforms) = postSolution
		{978F9205-7EE3-40B2-9B3F-8367D7CB94E2}.Debug|Any CPU.ActiveCfg = Debug|Any CPU
		{978F9205-7EE3-40B2-9B3F-8367D7CB94E2}.Debug|Any CPU.Build.0 = Debug|Any CPU
		{978F9205-7EE3-40B2-9B3F-8367D7CB94E2}.Release|Any CPU.ActiveCfg = Release|Any CPU
		{978F9205-7EE3-40B2-9B3F-8367D7CB94E2}.Release|Any CPU.Build.0 = Release|Any CPU
		{434C6138-567B-45D1-946C-43412D211770}.Debug|Any CPU.ActiveCfg = Debug
		{434C6138-567B-45D1-946C-43412D211770}.Release|Any CPU.ActiveCfg = Release
	EndGlobalSection
	GlobalSection(SolutionProperties) = preSolution
		HideSolutionNode = FALSE
	EndGlobalSection
EndGlobal
